
Microsoft Visual Studio Solution File, Format Version 12.00
# Visual Studio 15
VisualStudioVersion = 15.0.28010.2048
MinimumVisualStudioVersion = 10.0.40219.1
Project("{FAE04EC0-301F-11D3-BF4B-00C04F79EFBC}") = "CSharpAdvanced", "CSharpAdvanced\CSharpAdvanced.csproj", "{49A50565-9DA2-4805-B1FA-F4C85711A5A6}"
EndProject
Project("{FAE04EC0-301F-11D3-BF4B-00C04F79EFBC}") = "Generics", "Generics\Generics.csproj", "{328E0D5E-3B11-4D7C-B4DD-314861AF82F3}"
EndProject
Project("{FAE04EC0-301F-11D3-BF4B-00C04F79EFBC}") = "Delegates", "Delegates\Delegates.csproj", "{12FFEAF3-2132-4C78-80E4-B2B69E25F7C3}"
EndProject
Project("{FAE04EC0-301F-11D3-BF4B-00C04F79EFBC}") = "Lambda", "Lambda\Lambda.csproj", "{68BCAF5D-1C83-4305-87DF-A714940E9FE9}"
EndProject
Global
	GlobalSection(SolutionConfigurationPlatforms) = preSolution
		Debug|Any CPU = Debug|Any CPU
		Release|Any CPU = Release|Any CPU
	EndGlobalSection
	GlobalSection(ProjectConfigurationPlatforms) = postSolution
		{49A50565-9DA2-4805-B1FA-F4C85711A5A6}.Debug|Any CPU.ActiveCfg = Debug|Any CPU
		{49A50565-9DA2-4805-B1FA-F4C85711A5A6}.Debug|Any CPU.Build.0 = Debug|Any CPU
		{49A50565-9DA2-4805-B1FA-F4C85711A5A6}.Release|Any CPU.ActiveCfg = Release|Any CPU
		{49A50565-9DA2-4805-B1FA-F4C85711A5A6}.Release|Any CPU.Build.0 = Release|Any CPU
		{328E0D5E-3B11-4D7C-B4DD-314861AF82F3}.Debug|Any CPU.ActiveCfg = Debug|Any CPU
		{328E0D5E-3B11-4D7C-B4DD-314861AF82F3}.Debug|Any CPU.Build.0 = Debug|Any CPU
		{328E0D5E-3B11-4D7C-B4DD-314861AF82F3}.Release|Any CPU.ActiveCfg = Release|Any CPU
		{328E0D5E-3B11-4D7C-B4DD-314861AF82F3}.Release|Any CPU.Build.0 = Release|Any CPU
		{12FFEAF3-2132-4C78-80E4-B2B69E25F7C3}.Debug|Any CPU.ActiveCfg = Debug|Any CPU
		{12FFEAF3-2132-4C78-80E4-B2B69E25F7C3}.Debug|Any CPU.Build.0 = Debug|Any CPU
		{12FFEAF3-2132-4C78-80E4-B2B69E25F7C3}.Release|Any CPU.ActiveCfg = Release|Any CPU
		{12FFEAF3-2132-4C78-80E4-B2B69E25F7C3}.Release|Any CPU.Build.0 = Release|Any CPU
		{68BCAF5D-1C83-4305-87DF-A714940E9FE9}.Debug|Any CPU.ActiveCfg = Debug|Any CPU
		{68BCAF5D-1C83-4305-87DF-A714940E9FE9}.Debug|Any CPU.Build.0 = Debug|Any CPU
		{68BCAF5D-1C83-4305-87DF-A714940E9FE9}.Release|Any CPU.ActiveCfg = Release|Any CPU
		{68BCAF5D-1C83-4305-87DF-A714940E9FE9}.Release|Any CPU.Build.0 = Release|Any CPU
	EndGlobalSection
	GlobalSection(SolutionProperties) = preSolution
		HideSolutionNode = FALSE
	EndGlobalSection
	GlobalSection(ExtensibilityGlobals) = postSolution
		SolutionGuid = {CB31AF9A-AB08-4E07-AB3E-57CCE3F9CDD7}
	EndGlobalSection
EndGlobal
